
Microsoft Visual Studio Solution File, Format Version 12.00
# Visual Studio 15
VisualStudioVersion = 15.0.28307.168
MinimumVisualStudioVersion = 10.0.40219.1
Project("{FAE04EC0-301F-11D3-BF4B-00C04F79EFBC}") = "AR_TASDumka", "AR_TASDumka\AR_TASDumka.csproj", "{687BF87F-C24A-4C11-BEDD-C414555D7894}"
EndProject
Global
	GlobalSection(SolutionConfigurationPlatforms) = preSolution
		Debug|Any CPU = Debug|Any CPU
		Release|Any CPU = Release|Any CPU
	EndGlobalSection
	GlobalSection(ProjectConfigurationPlatforms) = postSolution
		{687BF87F-C24A-4C11-BEDD-C414555D7894}.Debug|Any CPU.ActiveCfg = Debug|Any CPU
		{687BF87F-C24A-4C11-BEDD-C414555D7894}.Debug|Any CPU.Build.0 = Debug|Any CPU
		{687BF87F-C24A-4C11-BEDD-C414555D7894}.Release|Any CPU.ActiveCfg = Release|Any CPU
		{687BF87F-C24A-4C11-BEDD-C414555D7894}.Release|Any CPU.Build.0 = Release|Any CPU
	EndGlobalSection
	GlobalSection(SolutionProperties) = preSolution
		HideSolutionNode = FALSE
	EndGlobalSection
	GlobalSection(ExtensibilityGlobals) = postSolution
		SolutionGuid = {C351B9BC-7653-46FF-9DC4-B227C31862C0}
	EndGlobalSection
EndGlobal
