
Microsoft Visual Studio Solution File, Format Version 12.00
# Visual Studio Version 16
VisualStudioVersion = 16.0.29509.3
MinimumVisualStudioVersion = 10.0.40219.1
Project("{FAE04EC0-301F-11D3-BF4B-00C04F79EFBC}") = "AR_TASDumka", "AR_TASDumka\AR_TASDumka.csproj", "{687BF87F-C24A-4C11-BEDD-C414555D7894}"
EndProject
Project("{FAE04EC0-301F-11D3-BF4B-00C04F79EFBC}") = "ExcelReader", "ExcelReader\ExcelReader.csproj", "{7CFF76B0-8947-4D04-817D-414CBE1FA8CD}"
EndProject
Project("{FAE04EC0-301F-11D3-BF4B-00C04F79EFBC}") = "TASDumka", "TASDumka\TASDumka.csproj", "{9514236B-5479-4733-A838-C220115A0D81}"
EndProject
Project("{FAE04EC0-301F-11D3-BF4B-00C04F79EFBC}") = "TASDumka_Core", "TASDumka_Core\TASDumka_Core.csproj", "{79BA50F4-177B-4586-84FD-027D7086ABB6}"
EndProject
Project("{FAE04EC0-301F-11D3-BF4B-00C04F79EFBC}") = "TASDatabases", "TASDatabases\TASDatabases.csproj", "{B4DE6483-2FBB-4F6E-AA7B-37BF8187751A}"
EndProject
Global
	GlobalSection(SolutionConfigurationPlatforms) = preSolution
		Debug|Any CPU = Debug|Any CPU
		Release|Any CPU = Release|Any CPU
	EndGlobalSection
	GlobalSection(ProjectConfigurationPlatforms) = postSolution
		{687BF87F-C24A-4C11-BEDD-C414555D7894}.Debug|Any CPU.ActiveCfg = Debug|Any CPU
		{687BF87F-C24A-4C11-BEDD-C414555D7894}.Debug|Any CPU.Build.0 = Debug|Any CPU
		{687BF87F-C24A-4C11-BEDD-C414555D7894}.Release|Any CPU.ActiveCfg = Release|Any CPU
		{687BF87F-C24A-4C11-BEDD-C414555D7894}.Release|Any CPU.Build.0 = Release|Any CPU
		{7CFF76B0-8947-4D04-817D-414CBE1FA8CD}.Debug|Any CPU.ActiveCfg = Debug|Any CPU
		{7CFF76B0-8947-4D04-817D-414CBE1FA8CD}.Debug|Any CPU.Build.0 = Debug|Any CPU
		{7CFF76B0-8947-4D04-817D-414CBE1FA8CD}.Release|Any CPU.ActiveCfg = Release|Any CPU
		{7CFF76B0-8947-4D04-817D-414CBE1FA8CD}.Release|Any CPU.Build.0 = Release|Any CPU
		{9514236B-5479-4733-A838-C220115A0D81}.Debug|Any CPU.ActiveCfg = Debug|Any CPU
		{9514236B-5479-4733-A838-C220115A0D81}.Debug|Any CPU.Build.0 = Debug|Any CPU
		{9514236B-5479-4733-A838-C220115A0D81}.Release|Any CPU.ActiveCfg = Release|Any CPU
		{9514236B-5479-4733-A838-C220115A0D81}.Release|Any CPU.Build.0 = Release|Any CPU
		{79BA50F4-177B-4586-84FD-027D7086ABB6}.Debug|Any CPU.ActiveCfg = Debug|Any CPU
		{79BA50F4-177B-4586-84FD-027D7086ABB6}.Debug|Any CPU.Build.0 = Debug|Any CPU
		{79BA50F4-177B-4586-84FD-027D7086ABB6}.Release|Any CPU.ActiveCfg = Release|Any CPU
		{79BA50F4-177B-4586-84FD-027D7086ABB6}.Release|Any CPU.Build.0 = Release|Any CPU
		{B4DE6483-2FBB-4F6E-AA7B-37BF8187751A}.Debug|Any CPU.ActiveCfg = Debug|Any CPU
		{B4DE6483-2FBB-4F6E-AA7B-37BF8187751A}.Debug|Any CPU.Build.0 = Debug|Any CPU
		{B4DE6483-2FBB-4F6E-AA7B-37BF8187751A}.Release|Any CPU.ActiveCfg = Release|Any CPU
		{B4DE6483-2FBB-4F6E-AA7B-37BF8187751A}.Release|Any CPU.Build.0 = Release|Any CPU
	EndGlobalSection
	GlobalSection(SolutionProperties) = preSolution
		HideSolutionNode = FALSE
	EndGlobalSection
	GlobalSection(ExtensibilityGlobals) = postSolution
		SolutionGuid = {C351B9BC-7653-46FF-9DC4-B227C31862C0}
	EndGlobalSection
EndGlobal
